// !$*UTF8*$!
{
	archiveVersion = 1;
	classes = {
	};
	objectVersion = 46;
	objects = {

/* Begin PBXBuildFile section */
		24DD6CF91134B3F500162E58 /* BencodingMapModule.h in Headers */ = {isa = PBXBuildFile; fileRef = 24DD6CF71134B3F500162E58 /* BencodingMapModule.h */; };
		24DD6CFA1134B3F500162E58 /* BencodingMapModule.m in Sources */ = {isa = PBXBuildFile; fileRef = 24DD6CF81134B3F500162E58 /* BencodingMapModule.m */; };
		24DE9E1111C5FE74003F90F6 /* BencodingMapModuleAssets.h in Headers */ = {isa = PBXBuildFile; fileRef = 24DE9E0F11C5FE74003F90F6 /* BencodingMapModuleAssets.h */; };
		24DE9E1211C5FE74003F90F6 /* BencodingMapModuleAssets.m in Sources */ = {isa = PBXBuildFile; fileRef = 24DE9E1011C5FE74003F90F6 /* BencodingMapModuleAssets.m */; };
		4336003415DFF3F400FF7870 /* KMLParser.h in Headers */ = {isa = PBXBuildFile; fileRef = 4336003215DFF3F400FF7870 /* KMLParser.h */; };
		4336003515DFF3F400FF7870 /* KMLParser.m in Sources */ = {isa = PBXBuildFile; fileRef = 4336003315DFF3F400FF7870 /* KMLParser.m */; };
		43493B2716053C620054729B /* MKPolygon+Tag.h in Headers */ = {isa = PBXBuildFile; fileRef = 43493B2516053C620054729B /* MKPolygon+Tag.h */; };
		43493B2816053C620054729B /* MKPolygon+Tag.m in Sources */ = {isa = PBXBuildFile; fileRef = 43493B2616053C620054729B /* MKPolygon+Tag.m */; };
		43493B3016054B3A0054729B /* MKPolygon+ViewOptions.h in Headers */ = {isa = PBXBuildFile; fileRef = 43493B2E16054B3A0054729B /* MKPolygon+ViewOptions.h */; };
		43493B3116054B3A0054729B /* MKPolygon+ViewOptions.m in Sources */ = {isa = PBXBuildFile; fileRef = 43493B2F16054B3A0054729B /* MKPolygon+ViewOptions.m */; };
		43493B3416055C260054729B /* MKCircle+ViewOptions.h in Headers */ = {isa = PBXBuildFile; fileRef = 43493B3216055C260054729B /* MKCircle+ViewOptions.h */; };
		43493B3516055C260054729B /* MKCircle+ViewOptions.m in Sources */ = {isa = PBXBuildFile; fileRef = 43493B3316055C260054729B /* MKCircle+ViewOptions.m */; };
		4363253415E2F56C005D155A /* WildcardGestureRecognizer.h in Headers */ = {isa = PBXBuildFile; fileRef = 4363253215E2F56C005D155A /* WildcardGestureRecognizer.h */; };
		4363253515E2F56C005D155A /* WildcardGestureRecognizer.m in Sources */ = {isa = PBXBuildFile; fileRef = 4363253315E2F56C005D155A /* WildcardGestureRecognizer.m */; };
		438D5E7E15A7DDB200800468 /* BencodingMapView.h in Headers */ = {isa = PBXBuildFile; fileRef = 438D5E7C15A7DDB200800468 /* BencodingMapView.h */; };
		438D5E7F15A7DDB200800468 /* BencodingMapView.m in Sources */ = {isa = PBXBuildFile; fileRef = 438D5E7D15A7DDB200800468 /* BencodingMapView.m */; };
		438D5E8315A7DF3D00800468 /* BencodingMapViewProxy.h in Headers */ = {isa = PBXBuildFile; fileRef = 438D5E8115A7DF3D00800468 /* BencodingMapViewProxy.h */; };
		438D5E8415A7DF3D00800468 /* BencodingMapViewProxy.m in Sources */ = {isa = PBXBuildFile; fileRef = 438D5E8215A7DF3D00800468 /* BencodingMapViewProxy.m */; };
		43CA9661160394F300B3CDD6 /* BBSquareImageOverlayView.h in Headers */ = {isa = PBXBuildFile; fileRef = 43CA965F160394F300B3CDD6 /* BBSquareImageOverlayView.h */; };
		43CA9662160394F300B3CDD6 /* BBSquareImageOverlayView.m in Sources */ = {isa = PBXBuildFile; fileRef = 43CA9660160394F300B3CDD6 /* BBSquareImageOverlayView.m */; };
		43CA966A1603B6CD00B3CDD6 /* BBSquareImageOverlay.h in Headers */ = {isa = PBXBuildFile; fileRef = 43CA96681603B6CD00B3CDD6 /* BBSquareImageOverlay.h */; };
		43CA966B1603B6CD00B3CDD6 /* BBSquareImageOverlay.m in Sources */ = {isa = PBXBuildFile; fileRef = 43CA96691603B6CD00B3CDD6 /* BBSquareImageOverlay.m */; };
		43FF8B10160695E50066CBCB /* JSONKit.h in Headers */ = {isa = PBXBuildFile; fileRef = 43FF8B0E160695E50066CBCB /* JSONKit.h */; };
		43FF8B11160695E50066CBCB /* JSONKit.m in Sources */ = {isa = PBXBuildFile; fileRef = 43FF8B0F160695E50066CBCB /* JSONKit.m */; };
		AA747D9F0F9514B9006C5449 /* BencodingMap_Prefix.pch in Headers */ = {isa = PBXBuildFile; fileRef = AA747D9E0F9514B9006C5449 /* BencodingMap_Prefix.pch */; };
		AACBBE4A0F95108600F1A2B1 /* Foundation.framework in Frameworks */ = {isa = PBXBuildFile; fileRef = AACBBE490F95108600F1A2B1 /* Foundation.framework */; };
/* End PBXBuildFile section */

/* Begin PBXFileReference section */
		24DD6CF71134B3F500162E58 /* BencodingMapModule.h */ = {isa = PBXFileReference; fileEncoding = 4; lastKnownFileType = sourcecode.c.h; name = BencodingMapModule.h; path = Classes/BencodingMapModule.h; sourceTree = "<group>"; };
		24DD6CF81134B3F500162E58 /* BencodingMapModule.m */ = {isa = PBXFileReference; fileEncoding = 4; lastKnownFileType = sourcecode.c.objc; name = BencodingMapModule.m; path = Classes/BencodingMapModule.m; sourceTree = "<group>"; };
		24DD6D1B1134B66800162E58 /* titanium.xcconfig */ = {isa = PBXFileReference; fileEncoding = 4; lastKnownFileType = text.xcconfig; path = titanium.xcconfig; sourceTree = "<group>"; };
		24DE9E0F11C5FE74003F90F6 /* BencodingMapModuleAssets.h */ = {isa = PBXFileReference; fileEncoding = 4; lastKnownFileType = sourcecode.c.h; name = BencodingMapModuleAssets.h; path = Classes/BencodingMapModuleAssets.h; sourceTree = "<group>"; };
		24DE9E1011C5FE74003F90F6 /* BencodingMapModuleAssets.m */ = {isa = PBXFileReference; fileEncoding = 4; lastKnownFileType = sourcecode.c.objc; name = BencodingMapModuleAssets.m; path = Classes/BencodingMapModuleAssets.m; sourceTree = "<group>"; };
		4336003215DFF3F400FF7870 /* KMLParser.h */ = {isa = PBXFileReference; fileEncoding = 4; lastKnownFileType = sourcecode.c.h; name = KMLParser.h; path = Classes/KMLParser.h; sourceTree = "<group>"; };
		4336003315DFF3F400FF7870 /* KMLParser.m */ = {isa = PBXFileReference; fileEncoding = 4; lastKnownFileType = sourcecode.c.objc; name = KMLParser.m; path = Classes/KMLParser.m; sourceTree = "<group>"; };
		43493B2516053C620054729B /* MKPolygon+Tag.h */ = {isa = PBXFileReference; fileEncoding = 4; lastKnownFileType = sourcecode.c.h; name = "MKPolygon+Tag.h"; path = "Classes/MKPolygon+Tag.h"; sourceTree = "<group>"; };
		43493B2616053C620054729B /* MKPolygon+Tag.m */ = {isa = PBXFileReference; fileEncoding = 4; lastKnownFileType = sourcecode.c.objc; name = "MKPolygon+Tag.m"; path = "Classes/MKPolygon+Tag.m"; sourceTree = "<group>"; };
		43493B2E16054B3A0054729B /* MKPolygon+ViewOptions.h */ = {isa = PBXFileReference; fileEncoding = 4; lastKnownFileType = sourcecode.c.h; name = "MKPolygon+ViewOptions.h"; path = "Classes/MKPolygon+ViewOptions.h"; sourceTree = "<group>"; };
		43493B2F16054B3A0054729B /* MKPolygon+ViewOptions.m */ = {isa = PBXFileReference; fileEncoding = 4; lastKnownFileType = sourcecode.c.objc; name = "MKPolygon+ViewOptions.m"; path = "Classes/MKPolygon+ViewOptions.m"; sourceTree = "<group>"; };
		43493B3216055C260054729B /* MKCircle+ViewOptions.h */ = {isa = PBXFileReference; fileEncoding = 4; lastKnownFileType = sourcecode.c.h; name = "MKCircle+ViewOptions.h"; path = "Classes/MKCircle+ViewOptions.h"; sourceTree = "<group>"; };
		43493B3316055C260054729B /* MKCircle+ViewOptions.m */ = {isa = PBXFileReference; fileEncoding = 4; lastKnownFileType = sourcecode.c.objc; name = "MKCircle+ViewOptions.m"; path = "Classes/MKCircle+ViewOptions.m"; sourceTree = "<group>"; };
		4363253215E2F56C005D155A /* WildcardGestureRecognizer.h */ = {isa = PBXFileReference; fileEncoding = 4; lastKnownFileType = sourcecode.c.h; name = WildcardGestureRecognizer.h; path = Classes/WildcardGestureRecognizer.h; sourceTree = "<group>"; };
		4363253315E2F56C005D155A /* WildcardGestureRecognizer.m */ = {isa = PBXFileReference; fileEncoding = 4; lastKnownFileType = sourcecode.c.objc; name = WildcardGestureRecognizer.m; path = Classes/WildcardGestureRecognizer.m; sourceTree = "<group>"; };
		438D5E7C15A7DDB200800468 /* BencodingMapView.h */ = {isa = PBXFileReference; fileEncoding = 4; lastKnownFileType = sourcecode.c.h; name = BencodingMapView.h; path = Classes/BencodingMapView.h; sourceTree = "<group>"; };
		438D5E7D15A7DDB200800468 /* BencodingMapView.m */ = {isa = PBXFileReference; fileEncoding = 4; lastKnownFileType = sourcecode.c.objc; name = BencodingMapView.m; path = Classes/BencodingMapView.m; sourceTree = "<group>"; };
		438D5E8115A7DF3D00800468 /* BencodingMapViewProxy.h */ = {isa = PBXFileReference; fileEncoding = 4; lastKnownFileType = sourcecode.c.h; name = BencodingMapViewProxy.h; path = Classes/BencodingMapViewProxy.h; sourceTree = "<group>"; };
		438D5E8215A7DF3D00800468 /* BencodingMapViewProxy.m */ = {isa = PBXFileReference; fileEncoding = 4; lastKnownFileType = sourcecode.c.objc; name = BencodingMapViewProxy.m; path = Classes/BencodingMapViewProxy.m; sourceTree = "<group>"; };
		43CA965F160394F300B3CDD6 /* BBSquareImageOverlayView.h */ = {isa = PBXFileReference; fileEncoding = 4; lastKnownFileType = sourcecode.c.h; name = BBSquareImageOverlayView.h; path = Classes/BBSquareImageOverlayView.h; sourceTree = "<group>"; };
		43CA9660160394F300B3CDD6 /* BBSquareImageOverlayView.m */ = {isa = PBXFileReference; fileEncoding = 4; lastKnownFileType = sourcecode.c.objc; name = BBSquareImageOverlayView.m; path = Classes/BBSquareImageOverlayView.m; sourceTree = "<group>"; };
		43CA96681603B6CD00B3CDD6 /* BBSquareImageOverlay.h */ = {isa = PBXFileReference; fileEncoding = 4; lastKnownFileType = sourcecode.c.h; name = BBSquareImageOverlay.h; path = Classes/BBSquareImageOverlay.h; sourceTree = "<group>"; };
		43CA96691603B6CD00B3CDD6 /* BBSquareImageOverlay.m */ = {isa = PBXFileReference; fileEncoding = 4; lastKnownFileType = sourcecode.c.objc; name = BBSquareImageOverlay.m; path = Classes/BBSquareImageOverlay.m; sourceTree = "<group>"; };
		43FF8B0E160695E50066CBCB /* JSONKit.h */ = {isa = PBXFileReference; fileEncoding = 4; lastKnownFileType = sourcecode.c.h; name = JSONKit.h; path = Classes/JSONKit.h; sourceTree = "<group>"; };
		43FF8B0F160695E50066CBCB /* JSONKit.m */ = {isa = PBXFileReference; fileEncoding = 4; lastKnownFileType = sourcecode.c.objc; name = JSONKit.m; path = Classes/JSONKit.m; sourceTree = "<group>"; };
		AA747D9E0F9514B9006C5449 /* BencodingMap_Prefix.pch */ = {isa = PBXFileReference; fileEncoding = 4; lastKnownFileType = sourcecode.c.h; path = BencodingMap_Prefix.pch; sourceTree = SOURCE_ROOT; };
		AACBBE490F95108600F1A2B1 /* Foundation.framework */ = {isa = PBXFileReference; lastKnownFileType = wrapper.framework; name = Foundation.framework; path = System/Library/Frameworks/Foundation.framework; sourceTree = SDKROOT; };
		D2AAC07E0554694100DB518D /* libBencodingMap.a */ = {isa = PBXFileReference; explicitFileType = archive.ar; includeInIndex = 0; path = libBencodingMap.a; sourceTree = BUILT_PRODUCTS_DIR; };
/* End PBXFileReference section */

/* Begin PBXFrameworksBuildPhase section */
		D2AAC07C0554694100DB518D /* Frameworks */ = {
			isa = PBXFrameworksBuildPhase;
			buildActionMask = 2147483647;
			files = (
				AACBBE4A0F95108600F1A2B1 /* Foundation.framework in Frameworks */,
			);
			runOnlyForDeploymentPostprocessing = 0;
		};
/* End PBXFrameworksBuildPhase section */

/* Begin PBXGroup section */
		034768DFFF38A50411DB9C8B /* Products */ = {
			isa = PBXGroup;
			children = (
				D2AAC07E0554694100DB518D /* libBencodingMap.a */,
			);
			name = Products;
			sourceTree = "<group>";
		};
		0867D691FE84028FC02AAC07 /* map */ = {
			isa = PBXGroup;
			children = (
				08FB77AEFE84172EC02AAC07 /* Classes */,
				32C88DFF0371C24200C91783 /* Other Sources */,
				0867D69AFE84028FC02AAC07 /* Frameworks */,
				034768DFFF38A50411DB9C8B /* Products */,
			);
			name = map;
			sourceTree = "<group>";
		};
		0867D69AFE84028FC02AAC07 /* Frameworks */ = {
			isa = PBXGroup;
			children = (
				AACBBE490F95108600F1A2B1 /* Foundation.framework */,
			);
			name = Frameworks;
			sourceTree = "<group>";
		};
		08FB77AEFE84172EC02AAC07 /* Classes */ = {
			isa = PBXGroup;
			children = (
				43FF8B0E160695E50066CBCB /* JSONKit.h */,
				43FF8B0F160695E50066CBCB /* JSONKit.m */,
				4336003215DFF3F400FF7870 /* KMLParser.h */,
				4336003315DFF3F400FF7870 /* KMLParser.m */,
				24DE9E0F11C5FE74003F90F6 /* BencodingMapModuleAssets.h */,
				24DE9E1011C5FE74003F90F6 /* BencodingMapModuleAssets.m */,
				24DD6CF71134B3F500162E58 /* BencodingMapModule.h */,
				24DD6CF81134B3F500162E58 /* BencodingMapModule.m */,
				438D5E7C15A7DDB200800468 /* BencodingMapView.h */,
				438D5E7D15A7DDB200800468 /* BencodingMapView.m */,
				438D5E8115A7DF3D00800468 /* BencodingMapViewProxy.h */,
				438D5E8215A7DF3D00800468 /* BencodingMapViewProxy.m */,
				4363253215E2F56C005D155A /* WildcardGestureRecognizer.h */,
				4363253315E2F56C005D155A /* WildcardGestureRecognizer.m */,
				43CA965F160394F300B3CDD6 /* BBSquareImageOverlayView.h */,
				43CA9660160394F300B3CDD6 /* BBSquareImageOverlayView.m */,
				43CA96681603B6CD00B3CDD6 /* BBSquareImageOverlay.h */,
				43CA96691603B6CD00B3CDD6 /* BBSquareImageOverlay.m */,
				43493B2516053C620054729B /* MKPolygon+Tag.h */,
				43493B2616053C620054729B /* MKPolygon+Tag.m */,
				43493B2E16054B3A0054729B /* MKPolygon+ViewOptions.h */,
				43493B2F16054B3A0054729B /* MKPolygon+ViewOptions.m */,
				43493B3216055C260054729B /* MKCircle+ViewOptions.h */,
				43493B3316055C260054729B /* MKCircle+ViewOptions.m */,
			);
			name = Classes;
			sourceTree = "<group>";
		};
		32C88DFF0371C24200C91783 /* Other Sources */ = {
			isa = PBXGroup;
			children = (
				AA747D9E0F9514B9006C5449 /* BencodingMap_Prefix.pch */,
				24DD6D1B1134B66800162E58 /* titanium.xcconfig */,
			);
			name = "Other Sources";
			sourceTree = "<group>";
		};
/* End PBXGroup section */

/* Begin PBXHeadersBuildPhase section */
		D2AAC07A0554694100DB518D /* Headers */ = {
			isa = PBXHeadersBuildPhase;
			buildActionMask = 2147483647;
			files = (
				AA747D9F0F9514B9006C5449 /* BencodingMap_Prefix.pch in Headers */,
				24DD6CF91134B3F500162E58 /* BencodingMapModule.h in Headers */,
				24DE9E1111C5FE74003F90F6 /* BencodingMapModuleAssets.h in Headers */,
				438D5E7E15A7DDB200800468 /* BencodingMapView.h in Headers */,
				438D5E8315A7DF3D00800468 /* BencodingMapViewProxy.h in Headers */,
				4336003415DFF3F400FF7870 /* KMLParser.h in Headers */,
				4363253415E2F56C005D155A /* WildcardGestureRecognizer.h in Headers */,
				43CA9661160394F300B3CDD6 /* BBSquareImageOverlayView.h in Headers */,
				43CA966A1603B6CD00B3CDD6 /* BBSquareImageOverlay.h in Headers */,
				43493B2716053C620054729B /* MKPolygon+Tag.h in Headers */,
				43493B3016054B3A0054729B /* MKPolygon+ViewOptions.h in Headers */,
				43493B3416055C260054729B /* MKCircle+ViewOptions.h in Headers */,
				43FF8B10160695E50066CBCB /* JSONKit.h in Headers */,
			);
			runOnlyForDeploymentPostprocessing = 0;
		};
/* End PBXHeadersBuildPhase section */

/* Begin PBXNativeTarget section */
		D2AAC07D0554694100DB518D /* map */ = {
			isa = PBXNativeTarget;
			buildConfigurationList = 1DEB921E08733DC00010E9CD /* Build configuration list for PBXNativeTarget "map" */;
			buildPhases = (
				D2AAC07A0554694100DB518D /* Headers */,
				D2AAC07B0554694100DB518D /* Sources */,
				D2AAC07C0554694100DB518D /* Frameworks */,
			);
			buildRules = (
			);
			dependencies = (
			);
			name = map;
			productName = map;
			productReference = D2AAC07E0554694100DB518D /* libBencodingMap.a */;
			productType = "com.apple.product-type.library.static";
		};
/* End PBXNativeTarget section */

/* Begin PBXProject section */
		0867D690FE84028FC02AAC07 /* Project object */ = {
			isa = PBXProject;
			attributes = {
				LastUpgradeCheck = 0420;
			};
			buildConfigurationList = 1DEB922208733DC00010E9CD /* Build configuration list for PBXProject "map" */;
			compatibilityVersion = "Xcode 3.2";
			developmentRegion = English;
			hasScannedForEncodings = 1;
			knownRegions = (
				English,
				Japanese,
				French,
				German,
			);
			mainGroup = 0867D691FE84028FC02AAC07 /* map */;
			productRefGroup = 034768DFFF38A50411DB9C8B /* Products */;
			projectDirPath = "";
			projectRoot = "";
			targets = (
				D2AAC07D0554694100DB518D /* map */,
			);
		};
/* End PBXProject section */

/* Begin PBXSourcesBuildPhase section */
		D2AAC07B0554694100DB518D /* Sources */ = {
			isa = PBXSourcesBuildPhase;
			buildActionMask = 2147483647;
			files = (
				24DD6CFA1134B3F500162E58 /* BencodingMapModule.m in Sources */,
				24DE9E1211C5FE74003F90F6 /* BencodingMapModuleAssets.m in Sources */,
				438D5E7F15A7DDB200800468 /* BencodingMapView.m in Sources */,
				438D5E8415A7DF3D00800468 /* BencodingMapViewProxy.m in Sources */,
				4336003515DFF3F400FF7870 /* KMLParser.m in Sources */,
				4363253515E2F56C005D155A /* WildcardGestureRecognizer.m in Sources */,
				43CA9662160394F300B3CDD6 /* BBSquareImageOverlayView.m in Sources */,
				43CA966B1603B6CD00B3CDD6 /* BBSquareImageOverlay.m in Sources */,
				43493B2816053C620054729B /* MKPolygon+Tag.m in Sources */,
				43493B3116054B3A0054729B /* MKPolygon+ViewOptions.m in Sources */,
				43493B3516055C260054729B /* MKCircle+ViewOptions.m in Sources */,
				43FF8B11160695E50066CBCB /* JSONKit.m in Sources */,
			);
			runOnlyForDeploymentPostprocessing = 0;
		};
/* End PBXSourcesBuildPhase section */

/* Begin XCBuildConfiguration section */
		1DEB921F08733DC00010E9CD /* Debug */ = {
			isa = XCBuildConfiguration;
			baseConfigurationReference = 24DD6D1B1134B66800162E58 /* titanium.xcconfig */;
			buildSettings = {
				ALWAYS_SEARCH_USER_PATHS = NO;
				ARCHS = (
					armv6,
					armv7,
				);
				"ARCHS[sdk=iphoneos*]" = (
					armv6,
					armv7,
				);
				"ARCHS[sdk=iphonesimulator*]" = i386;
				CODE_SIGN_IDENTITY = "iPhone Developer";
				"CODE_SIGN_IDENTITY[sdk=iphoneos*]" = "iPhone Developer";
				DSTROOT = /tmp/BencodingMap.dst;
				FRAMEWORK_SEARCH_PATHS = (
					"$(inherited)",
					"\"$(SRCROOT)\"",
				);
				GCC_C_LANGUAGE_STANDARD = c99;
				GCC_OPTIMIZATION_LEVEL = 0;
				GCC_PRECOMPILE_PREFIX_HEADER = YES;
				GCC_PREFIX_HEADER = BencodingMap_Prefix.pch;
				GCC_PREPROCESSOR_DEFINITIONS = "TI_VERSION=$(TI_VERSION)";
				GCC_TREAT_WARNINGS_AS_ERRORS = NO;
				GCC_VERSION = "";
				GCC_WARN_ABOUT_RETURN_TYPE = NO;
				GCC_WARN_MISSING_PARENTHESES = NO;
				GCC_WARN_SHADOW = NO;
				GCC_WARN_STRICT_SELECTOR_MATCH = NO;
				GCC_WARN_UNUSED_FUNCTION = YES;
				GCC_WARN_UNUSED_PARAMETER = NO;
				GCC_WARN_UNUSED_VALUE = NO;
				GCC_WARN_UNUSED_VARIABLE = NO;
				INSTALL_PATH = /usr/local/lib;
				LIBRARY_SEARCH_PATHS = (
					"$(inherited)",
					"\"$(SRCROOT)/ShapeFile\"",
					"\"$(SRCROOT)\"",
				);
				OTHER_CFLAGS = (
					"-DDEBUG",
					"-DTI_POST_1_2",
				);
				OTHER_LDFLAGS = "-ObjC";
				PRODUCT_NAME = BencodingMap;
				PROVISIONING_PROFILE = "";
				"PROVISIONING_PROFILE[sdk=iphoneos*]" = "";
				RUN_CLANG_STATIC_ANALYZER = NO;
				SDKROOT = iphoneos;
				USER_HEADER_SEARCH_PATHS = "";
			};
			name = Debug;
		};
		1DEB922008733DC00010E9CD /* Release */ = {
			isa = XCBuildConfiguration;
			baseConfigurationReference = 24DD6D1B1134B66800162E58 /* titanium.xcconfig */;
			buildSettings = {
				ALWAYS_SEARCH_USER_PATHS = NO;
				ARCHS = (
					armv6,
					armv7,
				);
				"ARCHS[sdk=iphoneos*]" = (
					armv6,
					armv7,
				);
				"ARCHS[sdk=iphonesimulator*]" = i386;
				DSTROOT = /tmp/BencodingMap.dst;
				FRAMEWORK_SEARCH_PATHS = (
					"$(inherited)",
					"\"$(SRCROOT)\"",
				);
				GCC_C_LANGUAGE_STANDARD = c99;
				GCC_MODEL_TUNING = G5;
				GCC_PRECOMPILE_PREFIX_HEADER = YES;
				GCC_PREFIX_HEADER = BencodingMap_Prefix.pch;
				GCC_PREPROCESSOR_DEFINITIONS = "TI_VERSION=$(TI_VERSION)";
				GCC_TREAT_WARNINGS_AS_ERRORS = NO;
				GCC_VERSION = "";
				GCC_WARN_ABOUT_RETURN_TYPE = NO;
				GCC_WARN_MISSING_PARENTHESES = NO;
				GCC_WARN_SHADOW = NO;
				GCC_WARN_STRICT_SELECTOR_MATCH = NO;
				GCC_WARN_UNUSED_FUNCTION = YES;
				GCC_WARN_UNUSED_PARAMETER = NO;
				GCC_WARN_UNUSED_VALUE = NO;
				GCC_WARN_UNUSED_VARIABLE = NO;
				INSTALL_PATH = /usr/local/lib;
				IPHONEOS_DEPLOYMENT_TARGET = 4.0;
				LIBRARY_SEARCH_PATHS = (
					"$(inherited)",
					"\"$(SRCROOT)/ShapeFile\"",
					"\"$(SRCROOT)\"",
				);
				OTHER_CFLAGS = "-DTI_POST_1_2";
				OTHER_LDFLAGS = "-ObjC";
				PRODUCT_NAME = BencodingMap;
				RUN_CLANG_STATIC_ANALYZER = NO;
				SDKROOT = iphoneos;
				USER_HEADER_SEARCH_PATHS = "";
			};
			name = Release;
		};
		1DEB922308733DC00010E9CD /* Debug */ = {
			isa = XCBuildConfiguration;
			baseConfigurationReference = 24DD6D1B1134B66800162E58 /* titanium.xcconfig */;
			buildSettings = {
				ARCHS = (
					armv6,
					armv7,
				);
				"ARCHS[sdk=iphoneos*]" = (
					armv6,
					armv7,
				);
				"ARCHS[sdk=iphonesimulator*]" = i386;
				CODE_SIGN_IDENTITY = "iPhone Developer";
				"CODE_SIGN_IDENTITY[sdk=iphoneos*]" = "iPhone Developer";
				DSTROOT = /tmp/BencodingMap.dst;
				GCC_C_LANGUAGE_STANDARD = c99;
				GCC_OPTIMIZATION_LEVEL = 0;
				GCC_PRECOMPILE_PREFIX_HEADER = YES;
				GCC_PREFIX_HEADER = BencodingMap_Prefix.pch;
				GCC_PREPROCESSOR_DEFINITIONS = "TI_VERSION=$(TI_VERSION)";
				GCC_TREAT_WARNINGS_AS_ERRORS = NO;
				GCC_VERSION = "";
				GCC_WARN_ABOUT_RETURN_TYPE = NO;
				GCC_WARN_MISSING_PARENTHESES = NO;
				GCC_WARN_SHADOW = NO;
				GCC_WARN_STRICT_SELECTOR_MATCH = NO;
				GCC_WARN_UNUSED_FUNCTION = YES;
				GCC_WARN_UNUSED_PARAMETER = NO;
				GCC_WARN_UNUSED_VALUE = NO;
				GCC_WARN_UNUSED_VARIABLE = NO;
				INSTALL_PATH = /usr/local/lib;
				OTHER_CFLAGS = (
					"-DDEBUG",
					"-DTI_POST_1_2",
				);
				OTHER_LDFLAGS = "-ObjC";
				PRODUCT_NAME = BencodingMap;
				PROVISIONING_PROFILE = "";
				"PROVISIONING_PROFILE[sdk=iphoneos*]" = "";
				RUN_CLANG_STATIC_ANALYZER = NO;
				SDKROOT = iphoneos;
				USER_HEADER_SEARCH_PATHS = "$(TITANIUM_BASE_SDK)/** $(TITANIUM_BASE_SDK2) $(TITANIUM_BASE_SDK3)";
			};
			name = Debug;
		};
		1DEB922408733DC00010E9CD /* Release */ = {
			isa = XCBuildConfiguration;
			baseConfigurationReference = 24DD6D1B1134B66800162E58 /* titanium.xcconfig */;
			buildSettings = {
				ALWAYS_SEARCH_USER_PATHS = NO;
				ARCHS = (
					armv6,
					armv7,
				);
				"ARCHS[sdk=iphoneos*]" = (
					armv6,
					armv7,
				);
				"ARCHS[sdk=iphonesimulator*]" = i386;
				DSTROOT = /tmp/BencodingMap.dst;
				GCC_C_LANGUAGE_STANDARD = c99;
				GCC_MODEL_TUNING = G5;
				GCC_PRECOMPILE_PREFIX_HEADER = YES;
				GCC_PREFIX_HEADER = BencodingMap_Prefix.pch;
				GCC_PREPROCESSOR_DEFINITIONS = "TI_VERSION=$(TI_VERSION)";
				GCC_TREAT_WARNINGS_AS_ERRORS = NO;
				GCC_VERSION = "";
				GCC_WARN_ABOUT_RETURN_TYPE = NO;
				GCC_WARN_MISSING_PARENTHESES = NO;
				GCC_WARN_SHADOW = NO;
				GCC_WARN_STRICT_SELECTOR_MATCH = NO;
				GCC_WARN_UNUSED_FUNCTION = YES;
				GCC_WARN_UNUSED_PARAMETER = NO;
				GCC_WARN_UNUSED_VALUE = NO;
				GCC_WARN_UNUSED_VARIABLE = NO;
				INSTALL_PATH = /usr/local/lib;
				IPHONEOS_DEPLOYMENT_TARGET = 4.0;
				OTHER_CFLAGS = "-DTI_POST_1_2";
				OTHER_LDFLAGS = "-ObjC";
				PRODUCT_NAME = BencodingMap;
				RUN_CLANG_STATIC_ANALYZER = NO;
				SDKROOT = iphoneos;
				USER_HEADER_SEARCH_PATHS = "$(TITANIUM_BASE_SDK)/** $(TITANIUM_BASE_SDK2) $(TITANIUM_BASE_SDK3)";
			};
			name = Release;
		};
/* End XCBuildConfiguration section */

/* Begin XCConfigurationList section */
		1DEB921E08733DC00010E9CD /* Build configuration list for PBXNativeTarget "map" */ = {
			isa = XCConfigurationList;
			buildConfigurations = (
				1DEB921F08733DC00010E9CD /* Debug */,
				1DEB922008733DC00010E9CD /* Release */,
			);
			defaultConfigurationIsVisible = 0;
			defaultConfigurationName = Release;
		};
		1DEB922208733DC00010E9CD /* Build configuration list for PBXProject "map" */ = {
			isa = XCConfigurationList;
			buildConfigurations = (
				1DEB922308733DC00010E9CD /* Debug */,
				1DEB922408733DC00010E9CD /* Release */,
			);
			defaultConfigurationIsVisible = 0;
			defaultConfigurationName = Release;
		};
/* End XCConfigurationList section */
	};
	rootObject = 0867D690FE84028FC02AAC07 /* Project object */;
}
